// !$*UTF8*$!
{
	archiveVersion = 1;
	classes = {
	};
	objectVersion = 55;
	objects = {

/* Begin PBXBuildFile section */
		16B9918D282D52D400BC72E3 /* GoogleService-Info.plist in Resources */ = {isa = PBXBuildFile; fileRef = 16B9918C282D52D400BC72E3 /* GoogleService-Info.plist */; };
		16B9918E282D52D400BC72E3 /* GoogleService-Info.plist in Resources */ = {isa = PBXBuildFile; fileRef = 16B9918C282D52D400BC72E3 /* GoogleService-Info.plist */; };
		16B9918F282D52D400BC72E3 /* GoogleService-Info.plist in Resources */ = {isa = PBXBuildFile; fileRef = 16B9918C282D52D400BC72E3 /* GoogleService-Info.plist */; };
		16B99191282D6DD600BC72E3 /* Window.swift in Sources */ = {isa = PBXBuildFile; fileRef = 16B99190282D6DD600BC72E3 /* Window.swift */; };
		16B99193282D6DFC00BC72E3 /* DataPoint.swift in Sources */ = {isa = PBXBuildFile; fileRef = 16B99192282D6DFC00BC72E3 /* DataPoint.swift */; };
		16B99195282D761B00BC72E3 /* WindowViewController.swift in Sources */ = {isa = PBXBuildFile; fileRef = 16B99194282D761B00BC72E3 /* WindowViewController.swift */; };
		16B99197282D7DC900BC72E3 /* Extensions.swift in Sources */ = {isa = PBXBuildFile; fileRef = 16B99196282D7DC900BC72E3 /* Extensions.swift */; };
		16B99199282E198B00BC72E3 /* LineChart.swift in Sources */ = {isa = PBXBuildFile; fileRef = 16B99198282E198B00BC72E3 /* LineChart.swift */; };
		16CAC74B27EA565E00250FE6 /* AppDelegate.swift in Sources */ = {isa = PBXBuildFile; fileRef = 16CAC74A27EA565E00250FE6 /* AppDelegate.swift */; };
		16CAC74D27EA565E00250FE6 /* SceneDelegate.swift in Sources */ = {isa = PBXBuildFile; fileRef = 16CAC74C27EA565E00250FE6 /* SceneDelegate.swift */; };
		16CAC74F27EA565E00250FE6 /* DataTableViewController.swift in Sources */ = {isa = PBXBuildFile; fileRef = 16CAC74E27EA565E00250FE6 /* DataTableViewController.swift */; };
		16CAC75227EA565E00250FE6 /* Main.storyboard in Resources */ = {isa = PBXBuildFile; fileRef = 16CAC75027EA565E00250FE6 /* Main.storyboard */; };
		16CAC75427EA566400250FE6 /* Assets.xcassets in Resources */ = {isa = PBXBuildFile; fileRef = 16CAC75327EA566400250FE6 /* Assets.xcassets */; };
		16CAC75727EA566400250FE6 /* LaunchScreen.storyboard in Resources */ = {isa = PBXBuildFile; fileRef = 16CAC75527EA566400250FE6 /* LaunchScreen.storyboard */; };
		16CAC76227EA566400250FE6 /* IntelliBedTests.swift in Sources */ = {isa = PBXBuildFile; fileRef = 16CAC76127EA566400250FE6 /* IntelliBedTests.swift */; };
		16CAC76C27EA566400250FE6 /* IntelliBedUITests.swift in Sources */ = {isa = PBXBuildFile; fileRef = 16CAC76B27EA566400250FE6 /* IntelliBedUITests.swift */; };
		16CAC76E27EA566400250FE6 /* IntelliBedUITestsLaunchTests.swift in Sources */ = {isa = PBXBuildFile; fileRef = 16CAC76D27EA566400250FE6 /* IntelliBedUITestsLaunchTests.swift */; };
		544FC5D46386F35860A5E070 /* Pods_IntelliBedTests.framework in Frameworks */ = {isa = PBXBuildFile; fileRef = EAC9109501E45BA7EFDB8606 /* Pods_IntelliBedTests.framework */; };
		CDBFBB0F232366382C09BC8C /* Pods_IntelliBed_IntelliBedUITests.framework in Frameworks */ = {isa = PBXBuildFile; fileRef = 284619BA63309885B1E49A59 /* Pods_IntelliBed_IntelliBedUITests.framework */; };
		FB5398EF87DDB4495E889B11 /* Pods_IntelliBed.framework in Frameworks */ = {isa = PBXBuildFile; fileRef = CB6DFE9A4456C3E8988F59EE /* Pods_IntelliBed.framework */; };
/* End PBXBuildFile section */

/* Begin PBXContainerItemProxy section */
		16CAC75E27EA566400250FE6 /* PBXContainerItemProxy */ = {
			isa = PBXContainerItemProxy;
			containerPortal = 16CAC73F27EA565E00250FE6 /* Project object */;
			proxyType = 1;
			remoteGlobalIDString = 16CAC74627EA565E00250FE6;
			remoteInfo = IntelliBed;
		};
		16CAC76827EA566400250FE6 /* PBXContainerItemProxy */ = {
			isa = PBXContainerItemProxy;
			containerPortal = 16CAC73F27EA565E00250FE6 /* Project object */;
			proxyType = 1;
			remoteGlobalIDString = 16CAC74627EA565E00250FE6;
			remoteInfo = IntelliBed;
		};
/* End PBXContainerItemProxy section */

/* Begin PBXFileReference section */
		16B9918C282D52D400BC72E3 /* GoogleService-Info.plist */ = {isa = PBXFileReference; fileEncoding = 4; lastKnownFileType = text.plist.xml; path = "GoogleService-Info.plist"; sourceTree = "<group>"; };
		16B99190282D6DD600BC72E3 /* Window.swift */ = {isa = PBXFileReference; lastKnownFileType = sourcecode.swift; path = Window.swift; sourceTree = "<group>"; };
		16B99192282D6DFC00BC72E3 /* DataPoint.swift */ = {isa = PBXFileReference; lastKnownFileType = sourcecode.swift; path = DataPoint.swift; sourceTree = "<group>"; };
		16B99194282D761B00BC72E3 /* WindowViewController.swift */ = {isa = PBXFileReference; lastKnownFileType = sourcecode.swift; path = WindowViewController.swift; sourceTree = "<group>"; };
		16B99196282D7DC900BC72E3 /* Extensions.swift */ = {isa = PBXFileReference; lastKnownFileType = sourcecode.swift; path = Extensions.swift; sourceTree = "<group>"; };
		16B99198282E198B00BC72E3 /* LineChart.swift */ = {isa = PBXFileReference; fileEncoding = 4; lastKnownFileType = sourcecode.swift; path = LineChart.swift; sourceTree = "<group>"; };
		16CAC74727EA565E00250FE6 /* IntelliBed.app */ = {isa = PBXFileReference; explicitFileType = wrapper.application; includeInIndex = 0; path = IntelliBed.app; sourceTree = BUILT_PRODUCTS_DIR; };
		16CAC74A27EA565E00250FE6 /* AppDelegate.swift */ = {isa = PBXFileReference; lastKnownFileType = sourcecode.swift; path = AppDelegate.swift; sourceTree = "<group>"; };
		16CAC74C27EA565E00250FE6 /* SceneDelegate.swift */ = {isa = PBXFileReference; lastKnownFileType = sourcecode.swift; path = SceneDelegate.swift; sourceTree = "<group>"; };
		16CAC74E27EA565E00250FE6 /* DataTableViewController.swift */ = {isa = PBXFileReference; lastKnownFileType = sourcecode.swift; path = DataTableViewController.swift; sourceTree = "<group>"; };
		16CAC75127EA565E00250FE6 /* Base */ = {isa = PBXFileReference; lastKnownFileType = file.storyboard; name = Base; path = Base.lproj/Main.storyboard; sourceTree = "<group>"; };
		16CAC75327EA566400250FE6 /* Assets.xcassets */ = {isa = PBXFileReference; lastKnownFileType = folder.assetcatalog; path = Assets.xcassets; sourceTree = "<group>"; };
		16CAC75627EA566400250FE6 /* Base */ = {isa = PBXFileReference; lastKnownFileType = file.storyboard; name = Base; path = Base.lproj/LaunchScreen.storyboard; sourceTree = "<group>"; };
		16CAC75827EA566400250FE6 /* Info.plist */ = {isa = PBXFileReference; lastKnownFileType = text.plist.xml; path = Info.plist; sourceTree = "<group>"; };
		16CAC75D27EA566400250FE6 /* IntelliBedTests.xctest */ = {isa = PBXFileReference; explicitFileType = wrapper.cfbundle; includeInIndex = 0; path = IntelliBedTests.xctest; sourceTree = BUILT_PRODUCTS_DIR; };
		16CAC76127EA566400250FE6 /* IntelliBedTests.swift */ = {isa = PBXFileReference; lastKnownFileType = sourcecode.swift; path = IntelliBedTests.swift; sourceTree = "<group>"; };
		16CAC76727EA566400250FE6 /* IntelliBedUITests.xctest */ = {isa = PBXFileReference; explicitFileType = wrapper.cfbundle; includeInIndex = 0; path = IntelliBedUITests.xctest; sourceTree = BUILT_PRODUCTS_DIR; };
		16CAC76B27EA566400250FE6 /* IntelliBedUITests.swift */ = {isa = PBXFileReference; lastKnownFileType = sourcecode.swift; path = IntelliBedUITests.swift; sourceTree = "<group>"; };
		16CAC76D27EA566400250FE6 /* IntelliBedUITestsLaunchTests.swift */ = {isa = PBXFileReference; lastKnownFileType = sourcecode.swift; path = IntelliBedUITestsLaunchTests.swift; sourceTree = "<group>"; };
		234FC1431373EF54FCAC8D75 /* Pods-IntelliBed-IntelliBedUITests.release.xcconfig */ = {isa = PBXFileReference; includeInIndex = 1; lastKnownFileType = text.xcconfig; name = "Pods-IntelliBed-IntelliBedUITests.release.xcconfig"; path = "Target Support Files/Pods-IntelliBed-IntelliBedUITests/Pods-IntelliBed-IntelliBedUITests.release.xcconfig"; sourceTree = "<group>"; };
		284619BA63309885B1E49A59 /* Pods_IntelliBed_IntelliBedUITests.framework */ = {isa = PBXFileReference; explicitFileType = wrapper.framework; includeInIndex = 0; path = Pods_IntelliBed_IntelliBedUITests.framework; sourceTree = BUILT_PRODUCTS_DIR; };
		3B5B8EEAFF8A2853E62D6FDE /* Pods-IntelliBed.debug.xcconfig */ = {isa = PBXFileReference; includeInIndex = 1; lastKnownFileType = text.xcconfig; name = "Pods-IntelliBed.debug.xcconfig"; path = "Target Support Files/Pods-IntelliBed/Pods-IntelliBed.debug.xcconfig"; sourceTree = "<group>"; };
		43B8EFE1D3596EA34089A19F /* Pods-IntelliBed.release.xcconfig */ = {isa = PBXFileReference; includeInIndex = 1; lastKnownFileType = text.xcconfig; name = "Pods-IntelliBed.release.xcconfig"; path = "Target Support Files/Pods-IntelliBed/Pods-IntelliBed.release.xcconfig"; sourceTree = "<group>"; };
		47471D13DBC21AEB31310363 /* Pods-IntelliBed-IntelliBedUITests.debug.xcconfig */ = {isa = PBXFileReference; includeInIndex = 1; lastKnownFileType = text.xcconfig; name = "Pods-IntelliBed-IntelliBedUITests.debug.xcconfig"; path = "Target Support Files/Pods-IntelliBed-IntelliBedUITests/Pods-IntelliBed-IntelliBedUITests.debug.xcconfig"; sourceTree = "<group>"; };
		9816CEB240B674CC7117888E /* Pods-IntelliBedTests.release.xcconfig */ = {isa = PBXFileReference; includeInIndex = 1; lastKnownFileType = text.xcconfig; name = "Pods-IntelliBedTests.release.xcconfig"; path = "Target Support Files/Pods-IntelliBedTests/Pods-IntelliBedTests.release.xcconfig"; sourceTree = "<group>"; };
		CB6DFE9A4456C3E8988F59EE /* Pods_IntelliBed.framework */ = {isa = PBXFileReference; explicitFileType = wrapper.framework; includeInIndex = 0; path = Pods_IntelliBed.framework; sourceTree = BUILT_PRODUCTS_DIR; };
		EAC9109501E45BA7EFDB8606 /* Pods_IntelliBedTests.framework */ = {isa = PBXFileReference; explicitFileType = wrapper.framework; includeInIndex = 0; path = Pods_IntelliBedTests.framework; sourceTree = BUILT_PRODUCTS_DIR; };
		FEEC78F95D4AC45A2A61DCF5 /* Pods-IntelliBedTests.debug.xcconfig */ = {isa = PBXFileReference; includeInIndex = 1; lastKnownFileType = text.xcconfig; name = "Pods-IntelliBedTests.debug.xcconfig"; path = "Target Support Files/Pods-IntelliBedTests/Pods-IntelliBedTests.debug.xcconfig"; sourceTree = "<group>"; };
/* End PBXFileReference section */

/* Begin PBXFrameworksBuildPhase section */
		16CAC74427EA565E00250FE6 /* Frameworks */ = {
			isa = PBXFrameworksBuildPhase;
			buildActionMask = 2147483647;
			files = (
				FB5398EF87DDB4495E889B11 /* Pods_IntelliBed.framework in Frameworks */,
			);
			runOnlyForDeploymentPostprocessing = 0;
		};
		16CAC75A27EA566400250FE6 /* Frameworks */ = {
			isa = PBXFrameworksBuildPhase;
			buildActionMask = 2147483647;
			files = (
				544FC5D46386F35860A5E070 /* Pods_IntelliBedTests.framework in Frameworks */,
			);
			runOnlyForDeploymentPostprocessing = 0;
		};
		16CAC76427EA566400250FE6 /* Frameworks */ = {
			isa = PBXFrameworksBuildPhase;
			buildActionMask = 2147483647;
			files = (
				CDBFBB0F232366382C09BC8C /* Pods_IntelliBed_IntelliBedUITests.framework in Frameworks */,
			);
			runOnlyForDeploymentPostprocessing = 0;
		};
/* End PBXFrameworksBuildPhase section */

/* Begin PBXGroup section */
		16CAC73E27EA565E00250FE6 = {
			isa = PBXGroup;
			children = (
				16CAC74927EA565E00250FE6 /* IntelliBed */,
				16CAC76027EA566400250FE6 /* IntelliBedTests */,
				16CAC76A27EA566400250FE6 /* IntelliBedUITests */,
				16CAC74827EA565E00250FE6 /* Products */,
				4757EC398447DC55B2DFF948 /* Pods */,
				EF960CF85A2DD19BCED46286 /* Frameworks */,
			);
			sourceTree = "<group>";
		};
		16CAC74827EA565E00250FE6 /* Products */ = {
			isa = PBXGroup;
			children = (
				16CAC74727EA565E00250FE6 /* IntelliBed.app */,
				16CAC75D27EA566400250FE6 /* IntelliBedTests.xctest */,
				16CAC76727EA566400250FE6 /* IntelliBedUITests.xctest */,
			);
			name = Products;
			sourceTree = "<group>";
		};
		16CAC74927EA565E00250FE6 /* IntelliBed */ = {
			isa = PBXGroup;
			children = (
				16B9918C282D52D400BC72E3 /* GoogleService-Info.plist */,
				16CAC74A27EA565E00250FE6 /* AppDelegate.swift */,
				16CAC74C27EA565E00250FE6 /* SceneDelegate.swift */,
				16CAC74E27EA565E00250FE6 /* DataTableViewController.swift */,
				16CAC75027EA565E00250FE6 /* Main.storyboard */,
				16CAC75327EA566400250FE6 /* Assets.xcassets */,
				16CAC75527EA566400250FE6 /* LaunchScreen.storyboard */,
				16CAC75827EA566400250FE6 /* Info.plist */,
				16B99190282D6DD600BC72E3 /* Window.swift */,
				16B99192282D6DFC00BC72E3 /* DataPoint.swift */,
				16B99198282E198B00BC72E3 /* LineChart.swift */,
				16B99194282D761B00BC72E3 /* WindowViewController.swift */,
				16B99196282D7DC900BC72E3 /* Extensions.swift */,
			);
			path = IntelliBed;
			sourceTree = "<group>";
		};
		16CAC76027EA566400250FE6 /* IntelliBedTests */ = {
			isa = PBXGroup;
			children = (
				16CAC76127EA566400250FE6 /* IntelliBedTests.swift */,
			);
			path = IntelliBedTests;
			sourceTree = "<group>";
		};
		16CAC76A27EA566400250FE6 /* IntelliBedUITests */ = {
			isa = PBXGroup;
			children = (
				16CAC76B27EA566400250FE6 /* IntelliBedUITests.swift */,
				16CAC76D27EA566400250FE6 /* IntelliBedUITestsLaunchTests.swift */,
			);
			path = IntelliBedUITests;
			sourceTree = "<group>";
		};
		4757EC398447DC55B2DFF948 /* Pods */ = {
			isa = PBXGroup;
			children = (
				3B5B8EEAFF8A2853E62D6FDE /* Pods-IntelliBed.debug.xcconfig */,
				43B8EFE1D3596EA34089A19F /* Pods-IntelliBed.release.xcconfig */,
				47471D13DBC21AEB31310363 /* Pods-IntelliBed-IntelliBedUITests.debug.xcconfig */,
				234FC1431373EF54FCAC8D75 /* Pods-IntelliBed-IntelliBedUITests.release.xcconfig */,
				FEEC78F95D4AC45A2A61DCF5 /* Pods-IntelliBedTests.debug.xcconfig */,
				9816CEB240B674CC7117888E /* Pods-IntelliBedTests.release.xcconfig */,
			);
			path = Pods;
			sourceTree = "<group>";
		};
		EF960CF85A2DD19BCED46286 /* Frameworks */ = {
			isa = PBXGroup;
			children = (
				CB6DFE9A4456C3E8988F59EE /* Pods_IntelliBed.framework */,
				284619BA63309885B1E49A59 /* Pods_IntelliBed_IntelliBedUITests.framework */,
				EAC9109501E45BA7EFDB8606 /* Pods_IntelliBedTests.framework */,
			);
			name = Frameworks;
			sourceTree = "<group>";
		};
/* End PBXGroup section */

/* Begin PBXNativeTarget section */
		16CAC74627EA565E00250FE6 /* IntelliBed */ = {
			isa = PBXNativeTarget;
			buildConfigurationList = 16CAC77127EA566500250FE6 /* Build configuration list for PBXNativeTarget "IntelliBed" */;
			buildPhases = (
				3C1E07BDCEAADD3BA9142A42 /* [CP] Check Pods Manifest.lock */,
				16CAC74327EA565E00250FE6 /* Sources */,
				16CAC74427EA565E00250FE6 /* Frameworks */,
				16CAC74527EA565E00250FE6 /* Resources */,
				7E43F203916C1742DFFC85E5 /* [CP] Embed Pods Frameworks */,
			);
			buildRules = (
			);
			dependencies = (
			);
			name = IntelliBed;
			productName = IntelliBed;
			productReference = 16CAC74727EA565E00250FE6 /* IntelliBed.app */;
			productType = "com.apple.product-type.application";
		};
		16CAC75C27EA566400250FE6 /* IntelliBedTests */ = {
			isa = PBXNativeTarget;
			buildConfigurationList = 16CAC77427EA566500250FE6 /* Build configuration list for PBXNativeTarget "IntelliBedTests" */;
			buildPhases = (
				3C23E82104F85044EFB6C061 /* [CP] Check Pods Manifest.lock */,
				16CAC75927EA566400250FE6 /* Sources */,
				16CAC75A27EA566400250FE6 /* Frameworks */,
				16CAC75B27EA566400250FE6 /* Resources */,
			);
			buildRules = (
			);
			dependencies = (
				16CAC75F27EA566400250FE6 /* PBXTargetDependency */,
			);
			name = IntelliBedTests;
			productName = IntelliBedTests;
			productReference = 16CAC75D27EA566400250FE6 /* IntelliBedTests.xctest */;
			productType = "com.apple.product-type.bundle.unit-test";
		};
		16CAC76627EA566400250FE6 /* IntelliBedUITests */ = {
			isa = PBXNativeTarget;
			buildConfigurationList = 16CAC77727EA566500250FE6 /* Build configuration list for PBXNativeTarget "IntelliBedUITests" */;
			buildPhases = (
				FEB727A26013256B683970C0 /* [CP] Check Pods Manifest.lock */,
				16CAC76327EA566400250FE6 /* Sources */,
				16CAC76427EA566400250FE6 /* Frameworks */,
				16CAC76527EA566400250FE6 /* Resources */,
				8B987A906454EE7655C7180D /* [CP] Embed Pods Frameworks */,
			);
			buildRules = (
			);
			dependencies = (
				16CAC76927EA566400250FE6 /* PBXTargetDependency */,
			);
			name = IntelliBedUITests;
			productName = IntelliBedUITests;
			productReference = 16CAC76727EA566400250FE6 /* IntelliBedUITests.xctest */;
			productType = "com.apple.product-type.bundle.ui-testing";
		};
/* End PBXNativeTarget section */

/* Begin PBXProject section */
		16CAC73F27EA565E00250FE6 /* Project object */ = {
			isa = PBXProject;
			attributes = {
				BuildIndependentTargetsInParallel = 1;
				LastSwiftUpdateCheck = 1310;
				LastUpgradeCheck = 1310;
				TargetAttributes = {
					16CAC74627EA565E00250FE6 = {
						CreatedOnToolsVersion = 13.1;
					};
					16CAC75C27EA566400250FE6 = {
						CreatedOnToolsVersion = 13.1;
						TestTargetID = 16CAC74627EA565E00250FE6;
					};
					16CAC76627EA566400250FE6 = {
						CreatedOnToolsVersion = 13.1;
						TestTargetID = 16CAC74627EA565E00250FE6;
					};
				};
			};
			buildConfigurationList = 16CAC74227EA565E00250FE6 /* Build configuration list for PBXProject "IntelliBed" */;
			compatibilityVersion = "Xcode 13.0";
			developmentRegion = en;
			hasScannedForEncodings = 0;
			knownRegions = (
				en,
				Base,
			);
			mainGroup = 16CAC73E27EA565E00250FE6;
			productRefGroup = 16CAC74827EA565E00250FE6 /* Products */;
			projectDirPath = "";
			projectRoot = "";
			targets = (
				16CAC74627EA565E00250FE6 /* IntelliBed */,
				16CAC75C27EA566400250FE6 /* IntelliBedTests */,
				16CAC76627EA566400250FE6 /* IntelliBedUITests */,
			);
		};
/* End PBXProject section */

/* Begin PBXResourcesBuildPhase section */
		16CAC74527EA565E00250FE6 /* Resources */ = {
			isa = PBXResourcesBuildPhase;
			buildActionMask = 2147483647;
			files = (
				16CAC75727EA566400250FE6 /* LaunchScreen.storyboard in Resources */,
				16B9918D282D52D400BC72E3 /* GoogleService-Info.plist in Resources */,
				16CAC75427EA566400250FE6 /* Assets.xcassets in Resources */,
				16CAC75227EA565E00250FE6 /* Main.storyboard in Resources */,
			);
			runOnlyForDeploymentPostprocessing = 0;
		};
		16CAC75B27EA566400250FE6 /* Resources */ = {
			isa = PBXResourcesBuildPhase;
			buildActionMask = 2147483647;
			files = (
				16B9918E282D52D400BC72E3 /* GoogleService-Info.plist in Resources */,
			);
			runOnlyForDeploymentPostprocessing = 0;
		};
		16CAC76527EA566400250FE6 /* Resources */ = {
			isa = PBXResourcesBuildPhase;
			buildActionMask = 2147483647;
			files = (
				16B9918F282D52D400BC72E3 /* GoogleService-Info.plist in Resources */,
			);
			runOnlyForDeploymentPostprocessing = 0;
		};
/* End PBXResourcesBuildPhase section */

/* Begin PBXShellScriptBuildPhase section */
		3C1E07BDCEAADD3BA9142A42 /* [CP] Check Pods Manifest.lock */ = {
			isa = PBXShellScriptBuildPhase;
			buildActionMask = 2147483647;
			files = (
			);
			inputFileListPaths = (
			);
			inputPaths = (
				"${PODS_PODFILE_DIR_PATH}/Podfile.lock",
				"${PODS_ROOT}/Manifest.lock",
			);
			name = "[CP] Check Pods Manifest.lock";
			outputFileListPaths = (
			);
			outputPaths = (
				"$(DERIVED_FILE_DIR)/Pods-IntelliBed-checkManifestLockResult.txt",
			);
			runOnlyForDeploymentPostprocessing = 0;
			shellPath = /bin/sh;
			shellScript = "diff \"${PODS_PODFILE_DIR_PATH}/Podfile.lock\" \"${PODS_ROOT}/Manifest.lock\" > /dev/null\nif [ $? != 0 ] ; then\n    # print error to STDERR\n    echo \"error: The sandbox is not in sync with the Podfile.lock. Run 'pod install' or update your CocoaPods installation.\" >&2\n    exit 1\nfi\n# This output is used by Xcode 'outputs' to avoid re-running this script phase.\necho \"SUCCESS\" > \"${SCRIPT_OUTPUT_FILE_0}\"\n";
			showEnvVarsInLog = 0;
		};
		3C23E82104F85044EFB6C061 /* [CP] Check Pods Manifest.lock */ = {
			isa = PBXShellScriptBuildPhase;
			buildActionMask = 2147483647;
			files = (
			);
			inputFileListPaths = (
			);
			inputPaths = (
				"${PODS_PODFILE_DIR_PATH}/Podfile.lock",
				"${PODS_ROOT}/Manifest.lock",
			);
			name = "[CP] Check Pods Manifest.lock";
			outputFileListPaths = (
			);
			outputPaths = (
				"$(DERIVED_FILE_DIR)/Pods-IntelliBedTests-checkManifestLockResult.txt",
			);
			runOnlyForDeploymentPostprocessing = 0;
			shellPath = /bin/sh;
			shellScript = "diff \"${PODS_PODFILE_DIR_PATH}/Podfile.lock\" \"${PODS_ROOT}/Manifest.lock\" > /dev/null\nif [ $? != 0 ] ; then\n    # print error to STDERR\n    echo \"error: The sandbox is not in sync with the Podfile.lock. Run 'pod install' or update your CocoaPods installation.\" >&2\n    exit 1\nfi\n# This output is used by Xcode 'outputs' to avoid re-running this script phase.\necho \"SUCCESS\" > \"${SCRIPT_OUTPUT_FILE_0}\"\n";
			showEnvVarsInLog = 0;
		};
		7E43F203916C1742DFFC85E5 /* [CP] Embed Pods Frameworks */ = {
			isa = PBXShellScriptBuildPhase;
			buildActionMask = 2147483647;
			files = (
			);
			inputFileListPaths = (
				"${PODS_ROOT}/Target Support Files/Pods-IntelliBed/Pods-IntelliBed-frameworks-${CONFIGURATION}-input-files.xcfilelist",
			);
			name = "[CP] Embed Pods Frameworks";
			outputFileListPaths = (
				"${PODS_ROOT}/Target Support Files/Pods-IntelliBed/Pods-IntelliBed-frameworks-${CONFIGURATION}-output-files.xcfilelist",
			);
			runOnlyForDeploymentPostprocessing = 0;
			shellPath = /bin/sh;
			shellScript = "\"${PODS_ROOT}/Target Support Files/Pods-IntelliBed/Pods-IntelliBed-frameworks.sh\"\n";
			showEnvVarsInLog = 0;
		};
		8B987A906454EE7655C7180D /* [CP] Embed Pods Frameworks */ = {
			isa = PBXShellScriptBuildPhase;
			buildActionMask = 2147483647;
			files = (
			);
			inputFileListPaths = (
				"${PODS_ROOT}/Target Support Files/Pods-IntelliBed-IntelliBedUITests/Pods-IntelliBed-IntelliBedUITests-frameworks-${CONFIGURATION}-input-files.xcfilelist",
			);
			name = "[CP] Embed Pods Frameworks";
			outputFileListPaths = (
				"${PODS_ROOT}/Target Support Files/Pods-IntelliBed-IntelliBedUITests/Pods-IntelliBed-IntelliBedUITests-frameworks-${CONFIGURATION}-output-files.xcfilelist",
			);
			runOnlyForDeploymentPostprocessing = 0;
			shellPath = /bin/sh;
			shellScript = "\"${PODS_ROOT}/Target Support Files/Pods-IntelliBed-IntelliBedUITests/Pods-IntelliBed-IntelliBedUITests-frameworks.sh\"\n";
			showEnvVarsInLog = 0;
		};
		FEB727A26013256B683970C0 /* [CP] Check Pods Manifest.lock */ = {
			isa = PBXShellScriptBuildPhase;
			buildActionMask = 2147483647;
			files = (
			);
			inputFileListPaths = (
			);
			inputPaths = (
				"${PODS_PODFILE_DIR_PATH}/Podfile.lock",
				"${PODS_ROOT}/Manifest.lock",
			);
			name = "[CP] Check Pods Manifest.lock";
			outputFileListPaths = (
			);
			outputPaths = (
				"$(DERIVED_FILE_DIR)/Pods-IntelliBed-IntelliBedUITests-checkManifestLockResult.txt",
			);
			runOnlyForDeploymentPostprocessing = 0;
			shellPath = /bin/sh;
			shellScript = "diff \"${PODS_PODFILE_DIR_PATH}/Podfile.lock\" \"${PODS_ROOT}/Manifest.lock\" > /dev/null\nif [ $? != 0 ] ; then\n    # print error to STDERR\n    echo \"error: The sandbox is not in sync with the Podfile.lock. Run 'pod install' or update your CocoaPods installation.\" >&2\n    exit 1\nfi\n# This output is used by Xcode 'outputs' to avoid re-running this script phase.\necho \"SUCCESS\" > \"${SCRIPT_OUTPUT_FILE_0}\"\n";
			showEnvVarsInLog = 0;
		};
/* End PBXShellScriptBuildPhase section */

/* Begin PBXSourcesBuildPhase section */
		16CAC74327EA565E00250FE6 /* Sources */ = {
			isa = PBXSourcesBuildPhase;
			buildActionMask = 2147483647;
			files = (
				16B99195282D761B00BC72E3 /* WindowViewController.swift in Sources */,
				16B99193282D6DFC00BC72E3 /* DataPoint.swift in Sources */,
				16CAC74F27EA565E00250FE6 /* DataTableViewController.swift in Sources */,
				16B99197282D7DC900BC72E3 /* Extensions.swift in Sources */,
				16B99199282E198B00BC72E3 /* LineChart.swift in Sources */,
				16B99191282D6DD600BC72E3 /* Window.swift in Sources */,
				16CAC74B27EA565E00250FE6 /* AppDelegate.swift in Sources */,
				16CAC74D27EA565E00250FE6 /* SceneDelegate.swift in Sources */,
			);
			runOnlyForDeploymentPostprocessing = 0;
		};
		16CAC75927EA566400250FE6 /* Sources */ = {
			isa = PBXSourcesBuildPhase;
			buildActionMask = 2147483647;
			files = (
				16CAC76227EA566400250FE6 /* IntelliBedTests.swift in Sources */,
			);
			runOnlyForDeploymentPostprocessing = 0;
		};
		16CAC76327EA566400250FE6 /* Sources */ = {
			isa = PBXSourcesBuildPhase;
			buildActionMask = 2147483647;
			files = (
				16CAC76E27EA566400250FE6 /* IntelliBedUITestsLaunchTests.swift in Sources */,
				16CAC76C27EA566400250FE6 /* IntelliBedUITests.swift in Sources */,
			);
			runOnlyForDeploymentPostprocessing = 0;
		};
/* End PBXSourcesBuildPhase section */

/* Begin PBXTargetDependency section */
		16CAC75F27EA566400250FE6 /* PBXTargetDependency */ = {
			isa = PBXTargetDependency;
			target = 16CAC74627EA565E00250FE6 /* IntelliBed */;
			targetProxy = 16CAC75E27EA566400250FE6 /* PBXContainerItemProxy */;
		};
		16CAC76927EA566400250FE6 /* PBXTargetDependency */ = {
			isa = PBXTargetDependency;
			target = 16CAC74627EA565E00250FE6 /* IntelliBed */;
			targetProxy = 16CAC76827EA566400250FE6 /* PBXContainerItemProxy */;
		};
/* End PBXTargetDependency section */

/* Begin PBXVariantGroup section */
		16CAC75027EA565E00250FE6 /* Main.storyboard */ = {
			isa = PBXVariantGroup;
			children = (
				16CAC75127EA565E00250FE6 /* Base */,
			);
			name = Main.storyboard;
			sourceTree = "<group>";
		};
		16CAC75527EA566400250FE6 /* LaunchScreen.storyboard */ = {
			isa = PBXVariantGroup;
			children = (
				16CAC75627EA566400250FE6 /* Base */,
			);
			name = LaunchScreen.storyboard;
			sourceTree = "<group>";
		};
/* End PBXVariantGroup section */

/* Begin XCBuildConfiguration section */
		16CAC76F27EA566400250FE6 /* Debug */ = {
			isa = XCBuildConfiguration;
			buildSettings = {
				ALWAYS_SEARCH_USER_PATHS = NO;
				CLANG_ANALYZER_NONNULL = YES;
				CLANG_ANALYZER_NUMBER_OBJECT_CONVERSION = YES_AGGRESSIVE;
				CLANG_CXX_LANGUAGE_STANDARD = "gnu++17";
				CLANG_CXX_LIBRARY = "libc++";
				CLANG_ENABLE_MODULES = YES;
				CLANG_ENABLE_OBJC_ARC = YES;
				CLANG_ENABLE_OBJC_WEAK = YES;
				CLANG_WARN_BLOCK_CAPTURE_AUTORELEASING = YES;
				CLANG_WARN_BOOL_CONVERSION = YES;
				CLANG_WARN_COMMA = YES;
				CLANG_WARN_CONSTANT_CONVERSION = YES;
				CLANG_WARN_DEPRECATED_OBJC_IMPLEMENTATIONS = YES;
				CLANG_WARN_DIRECT_OBJC_ISA_USAGE = YES_ERROR;
				CLANG_WARN_DOCUMENTATION_COMMENTS = YES;
				CLANG_WARN_EMPTY_BODY = YES;
				CLANG_WARN_ENUM_CONVERSION = YES;
				CLANG_WARN_INFINITE_RECURSION = YES;
				CLANG_WARN_INT_CONVERSION = YES;
				CLANG_WARN_NON_LITERAL_NULL_CONVERSION = YES;
				CLANG_WARN_OBJC_IMPLICIT_RETAIN_SELF = YES;
				CLANG_WARN_OBJC_LITERAL_CONVERSION = YES;
				CLANG_WARN_OBJC_ROOT_CLASS = YES_ERROR;
				CLANG_WARN_QUOTED_INCLUDE_IN_FRAMEWORK_HEADER = YES;
				CLANG_WARN_RANGE_LOOP_ANALYSIS = YES;
				CLANG_WARN_STRICT_PROTOTYPES = YES;
				CLANG_WARN_SUSPICIOUS_MOVE = YES;
				CLANG_WARN_UNGUARDED_AVAILABILITY = YES_AGGRESSIVE;
				CLANG_WARN_UNREACHABLE_CODE = YES;
				CLANG_WARN__DUPLICATE_METHOD_MATCH = YES;
				COPY_PHASE_STRIP = NO;
				DEBUG_INFORMATION_FORMAT = dwarf;
				ENABLE_STRICT_OBJC_MSGSEND = YES;
				ENABLE_TESTABILITY = YES;
				GCC_C_LANGUAGE_STANDARD = gnu11;
				GCC_DYNAMIC_NO_PIC = NO;
				GCC_NO_COMMON_BLOCKS = YES;
				GCC_OPTIMIZATION_LEVEL = 0;
				GCC_PREPROCESSOR_DEFINITIONS = (
					"DEBUG=1",
					"$(inherited)",
				);
				GCC_WARN_64_TO_32_BIT_CONVERSION = YES;
				GCC_WARN_ABOUT_RETURN_TYPE = YES_ERROR;
				GCC_WARN_UNDECLARED_SELECTOR = YES;
				GCC_WARN_UNINITIALIZED_AUTOS = YES_AGGRESSIVE;
				GCC_WARN_UNUSED_FUNCTION = YES;
				GCC_WARN_UNUSED_VARIABLE = YES;
				IPHONEOS_DEPLOYMENT_TARGET = 15.0;
				MTL_ENABLE_DEBUG_INFO = INCLUDE_SOURCE;
				MTL_FAST_MATH = YES;
				ONLY_ACTIVE_ARCH = YES;
				SDKROOT = iphoneos;
				SWIFT_ACTIVE_COMPILATION_CONDITIONS = DEBUG;
				SWIFT_OPTIMIZATION_LEVEL = "-Onone";
			};
			name = Debug;
		};
		16CAC77027EA566400250FE6 /* Release */ = {
			isa = XCBuildConfiguration;
			buildSettings = {
				ALWAYS_SEARCH_USER_PATHS = NO;
				CLANG_ANALYZER_NONNULL = YES;
				CLANG_ANALYZER_NUMBER_OBJECT_CONVERSION = YES_AGGRESSIVE;
				CLANG_CXX_LANGUAGE_STANDARD = "gnu++17";
				CLANG_CXX_LIBRARY = "libc++";
				CLANG_ENABLE_MODULES = YES;
				CLANG_ENABLE_OBJC_ARC = YES;
				CLANG_ENABLE_OBJC_WEAK = YES;
				CLANG_WARN_BLOCK_CAPTURE_AUTORELEASING = YES;
				CLANG_WARN_BOOL_CONVERSION = YES;
				CLANG_WARN_COMMA = YES;
				CLANG_WARN_CONSTANT_CONVERSION = YES;
				CLANG_WARN_DEPRECATED_OBJC_IMPLEMENTATIONS = YES;
				CLANG_WARN_DIRECT_OBJC_ISA_USAGE = YES_ERROR;
				CLANG_WARN_DOCUMENTATION_COMMENTS = YES;
				CLANG_WARN_EMPTY_BODY = YES;
				CLANG_WARN_ENUM_CONVERSION = YES;
				CLANG_WARN_INFINITE_RECURSION = YES;
				CLANG_WARN_INT_CONVERSION = YES;
				CLANG_WARN_NON_LITERAL_NULL_CONVERSION = YES;
				CLANG_WARN_OBJC_IMPLICIT_RETAIN_SELF = YES;
				CLANG_WARN_OBJC_LITERAL_CONVERSION = YES;
				CLANG_WARN_OBJC_ROOT_CLASS = YES_ERROR;
				CLANG_WARN_QUOTED_INCLUDE_IN_FRAMEWORK_HEADER = YES;
				CLANG_WARN_RANGE_LOOP_ANALYSIS = YES;
				CLANG_WARN_STRICT_PROTOTYPES = YES;
				CLANG_WARN_SUSPICIOUS_MOVE = YES;
				CLANG_WARN_UNGUARDED_AVAILABILITY = YES_AGGRESSIVE;
				CLANG_WARN_UNREACHABLE_CODE = YES;
				CLANG_WARN__DUPLICATE_METHOD_MATCH = YES;
				COPY_PHASE_STRIP = NO;
				DEBUG_INFORMATION_FORMAT = "dwarf-with-dsym";
				ENABLE_NS_ASSERTIONS = NO;
				ENABLE_STRICT_OBJC_MSGSEND = YES;
				GCC_C_LANGUAGE_STANDARD = gnu11;
				GCC_NO_COMMON_BLOCKS = YES;
				GCC_WARN_64_TO_32_BIT_CONVERSION = YES;
				GCC_WARN_ABOUT_RETURN_TYPE = YES_ERROR;
				GCC_WARN_UNDECLARED_SELECTOR = YES;
				GCC_WARN_UNINITIALIZED_AUTOS = YES_AGGRESSIVE;
				GCC_WARN_UNUSED_FUNCTION = YES;
				GCC_WARN_UNUSED_VARIABLE = YES;
				IPHONEOS_DEPLOYMENT_TARGET = 15.0;
				MTL_ENABLE_DEBUG_INFO = NO;
				MTL_FAST_MATH = YES;
				SDKROOT = iphoneos;
				SWIFT_COMPILATION_MODE = wholemodule;
				SWIFT_OPTIMIZATION_LEVEL = "-O";
				VALIDATE_PRODUCT = YES;
			};
			name = Release;
		};
		16CAC77227EA566500250FE6 /* Debug */ = {
			isa = XCBuildConfiguration;
			baseConfigurationReference = 3B5B8EEAFF8A2853E62D6FDE /* Pods-IntelliBed.debug.xcconfig */;
			buildSettings = {
				ASSETCATALOG_COMPILER_APPICON_NAME = AppIcon;
				ASSETCATALOG_COMPILER_GLOBAL_ACCENT_COLOR_NAME = AccentColor;
				CODE_SIGN_STYLE = Automatic;
				CURRENT_PROJECT_VERSION = 1;
				DEVELOPMENT_TEAM = VJUSE27PV3;
				GENERATE_INFOPLIST_FILE = YES;
				INFOPLIST_FILE = IntelliBed/Info.plist;
				INFOPLIST_KEY_UIApplicationSupportsIndirectInputEvents = YES;
				INFOPLIST_KEY_UILaunchStoryboardName = LaunchScreen;
				INFOPLIST_KEY_UIMainStoryboardFile = Main;
				INFOPLIST_KEY_UISupportedInterfaceOrientations_iPad = "UIInterfaceOrientationPortrait UIInterfaceOrientationPortraitUpsideDown UIInterfaceOrientationLandscapeLeft UIInterfaceOrientationLandscapeRight";
				INFOPLIST_KEY_UISupportedInterfaceOrientations_iPhone = "UIInterfaceOrientationPortrait UIInterfaceOrientationLandscapeLeft UIInterfaceOrientationLandscapeRight";
				IPHONEOS_DEPLOYMENT_TARGET = 13.0;
				LD_RUNPATH_SEARCH_PATHS = (
					"$(inherited)",
					"@executable_path/Frameworks",
				);
				MARKETING_VERSION = 1.0;
				PRODUCT_BUNDLE_IDENTIFIER = com.vikramsingh.IntelliBed;
				PRODUCT_NAME = "$(TARGET_NAME)";
				SWIFT_EMIT_LOC_STRINGS = YES;
				SWIFT_VERSION = 5.0;
				TARGETED_DEVICE_FAMILY = "1,2";
			};
			name = Debug;
		};
		16CAC77327EA566500250FE6 /* Release */ = {
			isa = XCBuildConfiguration;
			baseConfigurationReference = 43B8EFE1D3596EA34089A19F /* Pods-IntelliBed.release.xcconfig */;
			buildSettings = {
				ASSETCATALOG_COMPILER_APPICON_NAME = AppIcon;
				ASSETCATALOG_COMPILER_GLOBAL_ACCENT_COLOR_NAME = AccentColor;
				CODE_SIGN_STYLE = Automatic;
				CURRENT_PROJECT_VERSION = 1;
				DEVELOPMENT_TEAM = VJUSE27PV3;
				GENERATE_INFOPLIST_FILE = YES;
				INFOPLIST_FILE = IntelliBed/Info.plist;
				INFOPLIST_KEY_UIApplicationSupportsIndirectInputEvents = YES;
				INFOPLIST_KEY_UILaunchStoryboardName = LaunchScreen;
				INFOPLIST_KEY_UIMainStoryboardFile = Main;
				INFOPLIST_KEY_UISupportedInterfaceOrientations_iPad = "UIInterfaceOrientationPortrait UIInterfaceOrientationPortraitUpsideDown UIInterfaceOrientationLandscapeLeft UIInterfaceOrientationLandscapeRight";
				INFOPLIST_KEY_UISupportedInterfaceOrientations_iPhone = "UIInterfaceOrientationPortrait UIInterfaceOrientationLandscapeLeft UIInterfaceOrientationLandscapeRight";
				IPHONEOS_DEPLOYMENT_TARGET = 13.0;
				LD_RUNPATH_SEARCH_PATHS = (
					"$(inherited)",
					"@executable_path/Frameworks",
				);
				MARKETING_VERSION = 1.0;
				PRODUCT_BUNDLE_IDENTIFIER = com.vikramsingh.IntelliBed;
				PRODUCT_NAME = "$(TARGET_NAME)";
				SWIFT_EMIT_LOC_STRINGS = YES;
				SWIFT_VERSION = 5.0;
				TARGETED_DEVICE_FAMILY = "1,2";
			};
			name = Release;
		};
		16CAC77527EA566500250FE6 /* Debug */ = {
			isa = XCBuildConfiguration;
			baseConfigurationReference = FEEC78F95D4AC45A2A61DCF5 /* Pods-IntelliBedTests.debug.xcconfig */;
			buildSettings = {
				ALWAYS_EMBED_SWIFT_STANDARD_LIBRARIES = YES;
				BUNDLE_LOADER = "$(TEST_HOST)";
				CODE_SIGN_STYLE = Automatic;
				CURRENT_PROJECT_VERSION = 1;
				DEVELOPMENT_TEAM = VJUSE27PV3;
				GENERATE_INFOPLIST_FILE = YES;
				IPHONEOS_DEPLOYMENT_TARGET = 15.0;
				LD_RUNPATH_SEARCH_PATHS = (
					"$(inherited)",
					"@executable_path/Frameworks",
					"@loader_path/Frameworks",
				);
				MARKETING_VERSION = 1.0;
				PRODUCT_BUNDLE_IDENTIFIER = com.vikramsingh.IntelliBedTests;
				PRODUCT_NAME = "$(TARGET_NAME)";
				SWIFT_EMIT_LOC_STRINGS = NO;
				SWIFT_VERSION = 5.0;
				TARGETED_DEVICE_FAMILY = "1,2";
				TEST_HOST = "$(BUILT_PRODUCTS_DIR)/IntelliBed.app/IntelliBed";
			};
			name = Debug;
		};
		16CAC77627EA566500250FE6 /* Release */ = {
			isa = XCBuildConfiguration;
			baseConfigurationReference = 9816CEB240B674CC7117888E /* Pods-IntelliBedTests.release.xcconfig */;
			buildSettings = {
				ALWAYS_EMBED_SWIFT_STANDARD_LIBRARIES = YES;
				BUNDLE_LOADER = "$(TEST_HOST)";
				CODE_SIGN_STYLE = Automatic;
				CURRENT_PROJECT_VERSION = 1;
				DEVELOPMENT_TEAM = VJUSE27PV3;
				GENERATE_INFOPLIST_FILE = YES;
				IPHONEOS_DEPLOYMENT_TARGET = 15.0;
				LD_RUNPATH_SEARCH_PATHS = (
					"$(inherited)",
					"@executable_path/Frameworks",
					"@loader_path/Frameworks",
				);
				MARKETING_VERSION = 1.0;
				PRODUCT_BUNDLE_IDENTIFIER = com.vikramsingh.IntelliBedTests;
				PRODUCT_NAME = "$(TARGET_NAME)";
				SWIFT_EMIT_LOC_STRINGS = NO;
				SWIFT_VERSION = 5.0;
				TARGETED_DEVICE_FAMILY = "1,2";
				TEST_HOST = "$(BUILT_PRODUCTS_DIR)/IntelliBed.app/IntelliBed";
			};
			name = Release;
		};
		16CAC77827EA566500250FE6 /* Debug */ = {
			isa = XCBuildConfiguration;
			baseConfigurationReference = 47471D13DBC21AEB31310363 /* Pods-IntelliBed-IntelliBedUITests.debug.xcconfig */;
			buildSettings = {
				ALWAYS_EMBED_SWIFT_STANDARD_LIBRARIES = YES;
				CODE_SIGN_STYLE = Automatic;
				CURRENT_PROJECT_VERSION = 1;
				DEVELOPMENT_TEAM = VJUSE27PV3;
				GENERATE_INFOPLIST_FILE = YES;
				LD_RUNPATH_SEARCH_PATHS = (
					"$(inherited)",
					"@executable_path/Frameworks",
					"@loader_path/Frameworks",
				);
				MARKETING_VERSION = 1.0;
				PRODUCT_BUNDLE_IDENTIFIER = com.vikramsingh.IntelliBedUITests;
				PRODUCT_NAME = "$(TARGET_NAME)";
				SWIFT_EMIT_LOC_STRINGS = NO;
				SWIFT_VERSION = 5.0;
				TARGETED_DEVICE_FAMILY = "1,2";
				TEST_TARGET_NAME = IntelliBed;
			};
			name = Debug;
		};
		16CAC77927EA566500250FE6 /* Release */ = {
			isa = XCBuildConfiguration;
			baseConfigurationReference = 234FC1431373EF54FCAC8D75 /* Pods-IntelliBed-IntelliBedUITests.release.xcconfig */;
			buildSettings = {
				ALWAYS_EMBED_SWIFT_STANDARD_LIBRARIES = YES;
				CODE_SIGN_STYLE = Automatic;
				CURRENT_PROJECT_VERSION = 1;
				DEVELOPMENT_TEAM = VJUSE27PV3;
				GENERATE_INFOPLIST_FILE = YES;
				LD_RUNPATH_SEARCH_PATHS = (
					"$(inherited)",
					"@executable_path/Frameworks",
					"@loader_path/Frameworks",
				);
				MARKETING_VERSION = 1.0;
				PRODUCT_BUNDLE_IDENTIFIER = com.vikramsingh.IntelliBedUITests;
				PRODUCT_NAME = "$(TARGET_NAME)";
				SWIFT_EMIT_LOC_STRINGS = NO;
				SWIFT_VERSION = 5.0;
				TARGETED_DEVICE_FAMILY = "1,2";
				TEST_TARGET_NAME = IntelliBed;
			};
			name = Release;
		};
/* End XCBuildConfiguration section */

/* Begin XCConfigurationList section */
		16CAC74227EA565E00250FE6 /* Build configuration list for PBXProject "IntelliBed" */ = {
			isa = XCConfigurationList;
			buildConfigurations = (
				16CAC76F27EA566400250FE6 /* Debug */,
				16CAC77027EA566400250FE6 /* Release */,
			);
			defaultConfigurationIsVisible = 0;
			defaultConfigurationName = Release;
		};
		16CAC77127EA566500250FE6 /* Build configuration list for PBXNativeTarget "IntelliBed" */ = {
			isa = XCConfigurationList;
			buildConfigurations = (
				16CAC77227EA566500250FE6 /* Debug */,
				16CAC77327EA566500250FE6 /* Release */,
			);
			defaultConfigurationIsVisible = 0;
			defaultConfigurationName = Release;
		};
		16CAC77427EA566500250FE6 /* Build configuration list for PBXNativeTarget "IntelliBedTests" */ = {
			isa = XCConfigurationList;
			buildConfigurations = (
				16CAC77527EA566500250FE6 /* Debug */,
				16CAC77627EA566500250FE6 /* Release */,
			);
			defaultConfigurationIsVisible = 0;
			defaultConfigurationName = Release;
		};
		16CAC77727EA566500250FE6 /* Build configuration list for PBXNativeTarget "IntelliBedUITests" */ = {
			isa = XCConfigurationList;
			buildConfigurations = (
				16CAC77827EA566500250FE6 /* Debug */,
				16CAC77927EA566500250FE6 /* Release */,
			);
			defaultConfigurationIsVisible = 0;
			defaultConfigurationName = Release;
		};
/* End XCConfigurationList section */
	};
	rootObject = 16CAC73F27EA565E00250FE6 /* Project object */;
}
